// !$*UTF8*$!
{
	archiveVersion = 1;
	classes = {
	};
	objectVersion = 50;
	objects = {

/* Begin PBXBuildFile section */
		616BC337231CC23900A6407F /* AppDelegate.m in Sources */ = {isa = PBXBuildFile; fileRef = 616BC336231CC23900A6407F /* AppDelegate.m */; };
		616BC33F231CC23A00A6407F /* Assets.xcassets in Resources */ = {isa = PBXBuildFile; fileRef = 616BC33E231CC23A00A6407F /* Assets.xcassets */; };
		616BC342231CC23A00A6407F /* LaunchScreen.storyboard in Resources */ = {isa = PBXBuildFile; fileRef = 616BC340231CC23A00A6407F /* LaunchScreen.storyboard */; };
		616BC345231CC23A00A6407F /* main.m in Sources */ = {isa = PBXBuildFile; fileRef = 616BC344231CC23A00A6407F /* main.m */; };
		616BC34F231CC23A00A6407F /* JingGaoKuangTests.m in Sources */ = {isa = PBXBuildFile; fileRef = 616BC34E231CC23A00A6407F /* JingGaoKuangTests.m */; };
		616BC35A231CC23A00A6407F /* JingGaoKuangUITests.m in Sources */ = {isa = PBXBuildFile; fileRef = 616BC359231CC23A00A6407F /* JingGaoKuangUITests.m */; };
		616BC36D231CF13E00A6407F /* RootViewController.m in Sources */ = {isa = PBXBuildFile; fileRef = 616BC36B231CF13E00A6407F /* RootViewController.m */; };
/* End PBXBuildFile section */

/* Begin PBXContainerItemProxy section */
		616BC34B231CC23A00A6407F /* PBXContainerItemProxy */ = {
			isa = PBXContainerItemProxy;
			containerPortal = 616BC32A231CC23800A6407F /* Project object */;
			proxyType = 1;
			remoteGlobalIDString = 616BC331231CC23800A6407F;
			remoteInfo = JingGaoKuang;
		};
		616BC356231CC23A00A6407F /* PBXContainerItemProxy */ = {
			isa = PBXContainerItemProxy;
			containerPortal = 616BC32A231CC23800A6407F /* Project object */;
			proxyType = 1;
			remoteGlobalIDString = 616BC331231CC23800A6407F;
			remoteInfo = JingGaoKuang;
		};
/* End PBXContainerItemProxy section */

/* Begin PBXFileReference section */
		616BC332231CC23800A6407F /* JingGaoKuang.app */ = {isa = PBXFileReference; explicitFileType = wrapper.application; includeInIndex = 0; path = JingGaoKuang.app; sourceTree = BUILT_PRODUCTS_DIR; };
		616BC335231CC23900A6407F /* AppDelegate.h */ = {isa = PBXFileReference; lastKnownFileType = sourcecode.c.h; path = AppDelegate.h; sourceTree = "<group>"; };
		616BC336231CC23900A6407F /* AppDelegate.m */ = {isa = PBXFileReference; lastKnownFileType = sourcecode.c.objc; path = AppDelegate.m; sourceTree = "<group>"; };
		616BC33E231CC23A00A6407F /* Assets.xcassets */ = {isa = PBXFileReference; lastKnownFileType = folder.assetcatalog; path = Assets.xcassets; sourceTree = "<group>"; };
		616BC341231CC23A00A6407F /* Base */ = {isa = PBXFileReference; lastKnownFileType = file.storyboard; name = Base; path = Base.lproj/LaunchScreen.storyboard; sourceTree = "<group>"; };
		616BC343231CC23A00A6407F /* Info.plist */ = {isa = PBXFileReference; lastKnownFileType = text.plist.xml; path = Info.plist; sourceTree = "<group>"; };
		616BC344231CC23A00A6407F /* main.m */ = {isa = PBXFileReference; lastKnownFileType = sourcecode.c.objc; path = main.m; sourceTree = "<group>"; };
		616BC34A231CC23A00A6407F /* JingGaoKuangTests.xctest */ = {isa = PBXFileReference; explicitFileType = wrapper.cfbundle; includeInIndex = 0; path = JingGaoKuangTests.xctest; sourceTree = BUILT_PRODUCTS_DIR; };
		616BC34E231CC23A00A6407F /* JingGaoKuangTests.m */ = {isa = PBXFileReference; lastKnownFileType = sourcecode.c.objc; path = JingGaoKuangTests.m; sourceTree = "<group>"; };
		616BC350231CC23A00A6407F /* Info.plist */ = {isa = PBXFileReference; lastKnownFileType = text.plist.xml; path = Info.plist; sourceTree = "<group>"; };
		616BC355231CC23A00A6407F /* JingGaoKuangUITests.xctest */ = {isa = PBXFileReference; explicitFileType = wrapper.cfbundle; includeInIndex = 0; path = JingGaoKuangUITests.xctest; sourceTree = BUILT_PRODUCTS_DIR; };
		616BC359231CC23A00A6407F /* JingGaoKuangUITests.m */ = {isa = PBXFileReference; lastKnownFileType = sourcecode.c.objc; path = JingGaoKuangUITests.m; sourceTree = "<group>"; };
		616BC35B231CC23A00A6407F /* Info.plist */ = {isa = PBXFileReference; lastKnownFileType = text.plist.xml; path = Info.plist; sourceTree = "<group>"; };
		616BC36A231CF13E00A6407F /* RootViewController.h */ = {isa = PBXFileReference; lastKnownFileType = sourcecode.c.h; path = RootViewController.h; sourceTree = "<group>"; };
		616BC36B231CF13E00A6407F /* RootViewController.m */ = {isa = PBXFileReference; lastKnownFileType = sourcecode.c.objc; path = RootViewController.m; sourceTree = "<group>"; };
/* End PBXFileReference section */

/* Begin PBXFrameworksBuildPhase section */
		616BC32F231CC23800A6407F /* Frameworks */ = {
			isa = PBXFrameworksBuildPhase;
			buildActionMask = 2147483647;
			files = (
			);
			runOnlyForDeploymentPostprocessing = 0;
		};
		616BC347231CC23A00A6407F /* Frameworks */ = {
			isa = PBXFrameworksBuildPhase;
			buildActionMask = 2147483647;
			files = (
			);
			runOnlyForDeploymentPostprocessing = 0;
		};
		616BC352231CC23A00A6407F /* Frameworks */ = {
			isa = PBXFrameworksBuildPhase;
			buildActionMask = 2147483647;
			files = (
			);
			runOnlyForDeploymentPostprocessing = 0;
		};
/* End PBXFrameworksBuildPhase section */

/* Begin PBXGroup section */
		616BC329231CC23800A6407F = {
			isa = PBXGroup;
			children = (
				616BC334231CC23900A6407F /* JingGaoKuang */,
				616BC358231CC23A00A6407F /* JingGaoKuangUITests */,
				616BC333231CC23800A6407F /* Products */,
			);
			sourceTree = "<group>";
		};
		616BC333231CC23800A6407F /* Products */ = {
			isa = PBXGroup;
			children = (
				616BC332231CC23800A6407F /* JingGaoKuang.app */,
				616BC34A231CC23A00A6407F /* JingGaoKuangTests.xctest */,
				616BC355231CC23A00A6407F /* JingGaoKuangUITests.xctest */,
			);
			name = Products;
			sourceTree = "<group>";
		};
		616BC334231CC23900A6407F /* JingGaoKuang */ = {
			isa = PBXGroup;
			children = (
				616BC335231CC23900A6407F /* AppDelegate.h */,
				616BC336231CC23900A6407F /* AppDelegate.m */,
				616BC33E231CC23A00A6407F /* Assets.xcassets */,
				616BC340231CC23A00A6407F /* LaunchScreen.storyboard */,
				616BC343231CC23A00A6407F /* Info.plist */,
				616BC344231CC23A00A6407F /* main.m */,
				616BC36A231CF13E00A6407F /* RootViewController.h */,
				616BC36B231CF13E00A6407F /* RootViewController.m */,
				616BC34D231CC23A00A6407F /* JingGaoKuangTests */,
			);
			path = JingGaoKuang;
			sourceTree = "<group>";
		};
		616BC34D231CC23A00A6407F /* JingGaoKuangTests */ = {
			isa = PBXGroup;
			children = (
				616BC34E231CC23A00A6407F /* JingGaoKuangTests.m */,
				616BC350231CC23A00A6407F /* Info.plist */,
			);
			path = JingGaoKuangTests;
			sourceTree = "<group>";
		};
		616BC358231CC23A00A6407F /* JingGaoKuangUITests */ = {
			isa = PBXGroup;
			children = (
				616BC359231CC23A00A6407F /* JingGaoKuangUITests.m */,
				616BC35B231CC23A00A6407F /* Info.plist */,
			);
			path = JingGaoKuangUITests;
			sourceTree = "<group>";
		};
/* End PBXGroup section */

/* Begin PBXNativeTarget section */
		616BC331231CC23800A6407F /* JingGaoKuang */ = {
			isa = PBXNativeTarget;
			buildConfigurationList = 616BC35E231CC23A00A6407F /* Build configuration list for PBXNativeTarget "JingGaoKuang" */;
			buildPhases = (
				616BC32E231CC23800A6407F /* Sources */,
				616BC32F231CC23800A6407F /* Frameworks */,
				616BC330231CC23800A6407F /* Resources */,
			);
			buildRules = (
			);
			dependencies = (
			);
			name = JingGaoKuang;
			productName = JingGaoKuang;
			productReference = 616BC332231CC23800A6407F /* JingGaoKuang.app */;
			productType = "com.apple.product-type.application";
		};
		616BC349231CC23A00A6407F /* JingGaoKuangTests */ = {
			isa = PBXNativeTarget;
			buildConfigurationList = 616BC361231CC23A00A6407F /* Build configuration list for PBXNativeTarget "JingGaoKuangTests" */;
			buildPhases = (
				616BC346231CC23A00A6407F /* Sources */,
				616BC347231CC23A00A6407F /* Frameworks */,
				616BC348231CC23A00A6407F /* Resources */,
			);
			buildRules = (
			);
			dependencies = (
				616BC34C231CC23A00A6407F /* PBXTargetDependency */,
			);
			name = JingGaoKuangTests;
			productName = JingGaoKuangTests;
			productReference = 616BC34A231CC23A00A6407F /* JingGaoKuangTests.xctest */;
			productType = "com.apple.product-type.bundle.unit-test";
		};
		616BC354231CC23A00A6407F /* JingGaoKuangUITests */ = {
			isa = PBXNativeTarget;
			buildConfigurationList = 616BC364231CC23A00A6407F /* Build configuration list for PBXNativeTarget "JingGaoKuangUITests" */;
			buildPhases = (
				616BC351231CC23A00A6407F /* Sources */,
				616BC352231CC23A00A6407F /* Frameworks */,
				616BC353231CC23A00A6407F /* Resources */,
			);
			buildRules = (
			);
			dependencies = (
				616BC357231CC23A00A6407F /* PBXTargetDependency */,
			);
			name = JingGaoKuangUITests;
			productName = JingGaoKuangUITests;
			productReference = 616BC355231CC23A00A6407F /* JingGaoKuangUITests.xctest */;
			productType = "com.apple.product-type.bundle.ui-testing";
		};
/* End PBXNativeTarget section */

/* Begin PBXProject section */
		616BC32A231CC23800A6407F /* Project object */ = {
			isa = PBXProject;
			attributes = {
				LastUpgradeCheck = 1030;
				ORGANIZATIONNAME = "陈统帅";
				TargetAttributes = {
					616BC331231CC23800A6407F = {
						CreatedOnToolsVersion = 10.3;
					};
					616BC349231CC23A00A6407F = {
						CreatedOnToolsVersion = 10.3;
						TestTargetID = 616BC331231CC23800A6407F;
					};
					616BC354231CC23A00A6407F = {
						CreatedOnToolsVersion = 10.3;
						TestTargetID = 616BC331231CC23800A6407F;
					};
				};
			};
			buildConfigurationList = 616BC32D231CC23800A6407F /* Build configuration list for PBXProject "JingGaoKuang" */;
			compatibilityVersion = "Xcode 9.3";
			developmentRegion = en;
			hasScannedForEncodings = 0;
			knownRegions = (
				en,
				Base,
			);
			mainGroup = 616BC329231CC23800A6407F;
			productRefGroup = 616BC333231CC23800A6407F /* Products */;
			projectDirPath = "";
			projectRoot = "";
			targets = (
				616BC331231CC23800A6407F /* JingGaoKuang */,
				616BC349231CC23A00A6407F /* JingGaoKuangTests */,
				616BC354231CC23A00A6407F /* JingGaoKuangUITests */,
			);
		};
/* End PBXProject section */

/* Begin PBXResourcesBuildPhase section */
		616BC330231CC23800A6407F /* Resources */ = {
			isa = PBXResourcesBuildPhase;
			buildActionMask = 2147483647;
			files = (
				616BC342231CC23A00A6407F /* LaunchScreen.storyboard in Resources */,
				616BC33F231CC23A00A6407F /* Assets.xcassets in Resources */,
			);
			runOnlyForDeploymentPostprocessing = 0;
		};
		616BC348231CC23A00A6407F /* Resources */ = {
			isa = PBXResourcesBuildPhase;
			buildActionMask = 2147483647;
			files = (
			);
			runOnlyForDeploymentPostprocessing = 0;
		};
		616BC353231CC23A00A6407F /* Resources */ = {
			isa = PBXResourcesBuildPhase;
			buildActionMask = 2147483647;
			files = (
			);
			runOnlyForDeploymentPostprocessing = 0;
		};
/* End PBXResourcesBuildPhase section */

/* Begin PBXSourcesBuildPhase section */
		616BC32E231CC23800A6407F /* Sources */ = {
			isa = PBXSourcesBuildPhase;
			buildActionMask = 2147483647;
			files = (
				616BC345231CC23A00A6407F /* main.m in Sources */,
				616BC337231CC23900A6407F /* AppDelegate.m in Sources */,
				616BC36D231CF13E00A6407F /* RootViewController.m in Sources */,
			);
			runOnlyForDeploymentPostprocessing = 0;
		};
		616BC346231CC23A00A6407F /* Sources */ = {
			isa = PBXSourcesBuildPhase;
			buildActionMask = 2147483647;
			files = (
				616BC34F231CC23A00A6407F /* JingGaoKuangTests.m in Sources */,
			);
			runOnlyForDeploymentPostprocessing = 0;
		};
		616BC351231CC23A00A6407F /* Sources */ = {
			isa = PBXSourcesBuildPhase;
			buildActionMask = 2147483647;
			files = (
				616BC35A231CC23A00A6407F /* JingGaoKuangUITests.m in Sources */,
			);
			runOnlyForDeploymentPostprocessing = 0;
		};
/* End PBXSourcesBuildPhase section */

/* Begin PBXTargetDependency section */
		616BC34C231CC23A00A6407F /* PBXTargetDependency */ = {
			isa = PBXTargetDependency;
			target = 616BC331231CC23800A6407F /* JingGaoKuang */;
			targetProxy = 616BC34B231CC23A00A6407F /* PBXContainerItemProxy */;
		};
		616BC357231CC23A00A6407F /* PBXTargetDependency */ = {
			isa = PBXTargetDependency;
			target = 616BC331231CC23800A6407F /* JingGaoKuang */;
			targetProxy = 616BC356231CC23A00A6407F /* PBXContainerItemProxy */;
		};
/* End PBXTargetDependency section */

/* Begin PBXVariantGroup section */
		616BC340231CC23A00A6407F /* LaunchScreen.storyboard */ = {
			isa = PBXVariantGroup;
			children = (
				616BC341231CC23A00A6407F /* Base */,
			);
			name = LaunchScreen.storyboard;
			sourceTree = "<group>";
		};
/* End PBXVariantGroup section */

/* Begin XCBuildConfiguration section */
		616BC35C231CC23A00A6407F /* Debug */ = {
			isa = XCBuildConfiguration;
			buildSettings = {
				ALWAYS_SEARCH_USER_PATHS = NO;
				CLANG_ANALYZER_NONNULL = YES;
				CLANG_ANALYZER_NUMBER_OBJECT_CONVERSION = YES_AGGRESSIVE;
				CLANG_CXX_LANGUAGE_STANDARD = "gnu++14";
				CLANG_CXX_LIBRARY = "libc++";
				CLANG_ENABLE_MODULES = YES;
				CLANG_ENABLE_OBJC_ARC = YES;
				CLANG_ENABLE_OBJC_WEAK = YES;
				CLANG_WARN_BLOCK_CAPTURE_AUTORELEASING = YES;
				CLANG_WARN_BOOL_CONVERSION = YES;
				CLANG_WARN_COMMA = YES;
				CLANG_WARN_CONSTANT_CONVERSION = YES;
				CLANG_WARN_DEPRECATED_OBJC_IMPLEMENTATIONS = YES;
				CLANG_WARN_DIRECT_OBJC_ISA_USAGE = YES_ERROR;
				CLANG_WARN_DOCUMENTATION_COMMENTS = YES;
				CLANG_WARN_EMPTY_BODY = YES;
				CLANG_WARN_ENUM_CONVERSION = YES;
				CLANG_WARN_INFINITE_RECURSION = YES;
				CLANG_WARN_INT_CONVERSION = YES;
				CLANG_WARN_NON_LITERAL_NULL_CONVERSION = YES;
				CLANG_WARN_OBJC_IMPLICIT_RETAIN_SELF = YES;
				CLANG_WARN_OBJC_LITERAL_CONVERSION = YES;
				CLANG_WARN_OBJC_ROOT_CLASS = YES_ERROR;
				CLANG_WARN_RANGE_LOOP_ANALYSIS = YES;
				CLANG_WARN_STRICT_PROTOTYPES = YES;
				CLANG_WARN_SUSPICIOUS_MOVE = YES;
				CLANG_WARN_UNGUARDED_AVAILABILITY = YES_AGGRESSIVE;
				CLANG_WARN_UNREACHABLE_CODE = YES;
				CLANG_WARN__DUPLICATE_METHOD_MATCH = YES;
				CODE_SIGN_IDENTITY = "iPhone Developer";
				COPY_PHASE_STRIP = NO;
				DEBUG_INFORMATION_FORMAT = dwarf;
				ENABLE_STRICT_OBJC_MSGSEND = YES;
				ENABLE_TESTABILITY = YES;
				GCC_C_LANGUAGE_STANDARD = gnu11;
				GCC_DYNAMIC_NO_PIC = NO;
				GCC_NO_COMMON_BLOCKS = YES;
				GCC_OPTIMIZATION_LEVEL = 0;
				GCC_PREPROCESSOR_DEFINITIONS = (
					"DEBUG=1",
					"$(inherited)",
				);
				GCC_WARN_64_TO_32_BIT_CONVERSION = YES;
				GCC_WARN_ABOUT_RETURN_TYPE = YES_ERROR;
				GCC_WARN_UNDECLARED_SELECTOR = YES;
				GCC_WARN_UNINITIALIZED_AUTOS = YES_AGGRESSIVE;
				GCC_WARN_UNUSED_FUNCTION = YES;
				GCC_WARN_UNUSED_VARIABLE = YES;
				IPHONEOS_DEPLOYMENT_TARGET = 12.4;
				MTL_ENABLE_DEBUG_INFO = INCLUDE_SOURCE;
				MTL_FAST_MATH = YES;
				ONLY_ACTIVE_ARCH = YES;
				SDKROOT = iphoneos;
			};
			name = Debug;
		};
		616BC35D231CC23A00A6407F /* Release */ = {
			isa = XCBuildConfiguration;
			buildSettings = {
				ALWAYS_SEARCH_USER_PATHS = NO;
				CLANG_ANALYZER_NONNULL = YES;
				CLANG_ANALYZER_NUMBER_OBJECT_CONVERSION = YES_AGGRESSIVE;
				CLANG_CXX_LANGUAGE_STANDARD = "gnu++14";
				CLANG_CXX_LIBRARY = "libc++";
				CLANG_ENABLE_MODULES = YES;
				CLANG_ENABLE_OBJC_ARC = YES;
				CLANG_ENABLE_OBJC_WEAK = YES;
				CLANG_WARN_BLOCK_CAPTURE_AUTORELEASING = YES;
				CLANG_WARN_BOOL_CONVERSION = YES;
				CLANG_WARN_COMMA = YES;
				CLANG_WARN_CONSTANT_CONVERSION = YES;
				CLANG_WARN_DEPRECATED_OBJC_IMPLEMENTATIONS = YES;
				CLANG_WARN_DIRECT_OBJC_ISA_USAGE = YES_ERROR;
				CLANG_WARN_DOCUMENTATION_COMMENTS = YES;
				CLANG_WARN_EMPTY_BODY = YES;
				CLANG_WARN_ENUM_CONVERSION = YES;
				CLANG_WARN_INFINITE_RECURSION = YES;
				CLANG_WARN_INT_CONVERSION = YES;
				CLANG_WARN_NON_LITERAL_NULL_CONVERSION = YES;
				CLANG_WARN_OBJC_IMPLICIT_RETAIN_SELF = YES;
				CLANG_WARN_OBJC_LITERAL_CONVERSION = YES;
				CLANG_WARN_OBJC_ROOT_CLASS = YES_ERROR;
				CLANG_WARN_RANGE_LOOP_ANALYSIS = YES;
				CLANG_WARN_STRICT_PROTOTYPES = YES;
				CLANG_WARN_SUSPICIOUS_MOVE = YES;
				CLANG_WARN_UNGUARDED_AVAILABILITY = YES_AGGRESSIVE;
				CLANG_WARN_UNREACHABLE_CODE = YES;
				CLANG_WARN__DUPLICATE_METHOD_MATCH = YES;
				CODE_SIGN_IDENTITY = "iPhone Developer";
				COPY_PHASE_STRIP = NO;
				DEBUG_INFORMATION_FORMAT = "dwarf-with-dsym";
				ENABLE_NS_ASSERTIONS = NO;
				ENABLE_STRICT_OBJC_MSGSEND = YES;
				GCC_C_LANGUAGE_STANDARD = gnu11;
				GCC_NO_COMMON_BLOCKS = YES;
				GCC_WARN_64_TO_32_BIT_CONVERSION = YES;
				GCC_WARN_ABOUT_RETURN_TYPE = YES_ERROR;
				GCC_WARN_UNDECLARED_SELECTOR = YES;
				GCC_WARN_UNINITIALIZED_AUTOS = YES_AGGRESSIVE;
				GCC_WARN_UNUSED_FUNCTION = YES;
				GCC_WARN_UNUSED_VARIABLE = YES;
				IPHONEOS_DEPLOYMENT_TARGET = 12.4;
				MTL_ENABLE_DEBUG_INFO = NO;
				MTL_FAST_MATH = YES;
				SDKROOT = iphoneos;
				VALIDATE_PRODUCT = YES;
			};
			name = Release;
		};
		616BC35F231CC23A00A6407F /* Debug */ = {
			isa = XCBuildConfiguration;
			buildSettings = {
				ASSETCATALOG_COMPILER_APPICON_NAME = AppIcon;
				CODE_SIGN_STYLE = Automatic;
				DEVELOPMENT_TEAM = SW2CBW6596;
				INFOPLIST_FILE = JingGaoKuang/Info.plist;
				LD_RUNPATH_SEARCH_PATHS = (
					"$(inherited)",
					"@executable_path/Frameworks",
				);
				PRODUCT_BUNDLE_IDENTIFIER = com.cts.JingGaoKuang;
				PRODUCT_NAME = "$(TARGET_NAME)";
				TARGETED_DEVICE_FAMILY = "1,2";
			};
			name = Debug;
		};
		616BC360231CC23A00A6407F /* Release */ = {
			isa = XCBuildConfiguration;
			buildSettings = {
				ASSETCATALOG_COMPILER_APPICON_NAME = AppIcon;
				CODE_SIGN_STYLE = Automatic;
				DEVELOPMENT_TEAM = SW2CBW6596;
				INFOPLIST_FILE = JingGaoKuang/Info.plist;
				LD_RUNPATH_SEARCH_PATHS = (
					"$(inherited)",
					"@executable_path/Frameworks",
				);
				PRODUCT_BUNDLE_IDENTIFIER = com.cts.JingGaoKuang;
				PRODUCT_NAME = "$(TARGET_NAME)";
				TARGETED_DEVICE_FAMILY = "1,2";
			};
			name = Release;
		};
		616BC362231CC23A00A6407F /* Debug */ = {
			isa = XCBuildConfiguration;
			buildSettings = {
				BUNDLE_LOADER = "$(TEST_HOST)";
				CODE_SIGN_STYLE = Automatic;
				DEVELOPMENT_TEAM = SW2CBW6596;
				INFOPLIST_FILE = JingGaoKuangTests/Info.plist;
				LD_RUNPATH_SEARCH_PATHS = (
					"$(inherited)",
					"@executable_path/Frameworks",
					"@loader_path/Frameworks",
				);
				PRODUCT_BUNDLE_IDENTIFIER = com.cts.JingGaoKuangTests;
				PRODUCT_NAME = "$(TARGET_NAME)";
				TARGETED_DEVICE_FAMILY = "1,2";
				TEST_HOST = "$(BUILT_PRODUCTS_DIR)/JingGaoKuang.app/JingGaoKuang";
			};
			name = Debug;
		};
		616BC363231CC23A00A6407F /* Release */ = {
			isa = XCBuildConfiguration;
			buildSettings = {
				BUNDLE_LOADER = "$(TEST_HOST)";
				CODE_SIGN_STYLE = Automatic;
				DEVELOPMENT_TEAM = SW2CBW6596;
				INFOPLIST_FILE = JingGaoKuangTests/Info.plist;
				LD_RUNPATH_SEARCH_PATHS = (
					"$(inherited)",
					"@executable_path/Frameworks",
					"@loader_path/Frameworks",
				);
				PRODUCT_BUNDLE_IDENTIFIER = com.cts.JingGaoKuangTests;
				PRODUCT_NAME = "$(TARGET_NAME)";
				TARGETED_DEVICE_FAMILY = "1,2";
				TEST_HOST = "$(BUILT_PRODUCTS_DIR)/JingGaoKuang.app/JingGaoKuang";
			};
			name = Release;
		};
		616BC365231CC23A00A6407F /* Debug */ = {
			isa = XCBuildConfiguration;
			buildSettings = {
				CODE_SIGN_STYLE = Automatic;
				DEVELOPMENT_TEAM = SW2CBW6596;
				INFOPLIST_FILE = JingGaoKuangUITests/Info.plist;
				LD_RUNPATH_SEARCH_PATHS = (
					"$(inherited)",
					"@executable_path/Frameworks",
					"@loader_path/Frameworks",
				);
				PRODUCT_BUNDLE_IDENTIFIER = com.cts.JingGaoKuangUITests;
				PRODUCT_NAME = "$(TARGET_NAME)";
				TARGETED_DEVICE_FAMILY = "1,2";
				TEST_TARGET_NAME = JingGaoKuang;
			};
			name = Debug;
		};
		616BC366231CC23A00A6407F /* Release */ = {
			isa = XCBuildConfiguration;
			buildSettings = {
				CODE_SIGN_STYLE = Automatic;
				DEVELOPMENT_TEAM = SW2CBW6596;
				INFOPLIST_FILE = JingGaoKuangUITests/Info.plist;
				LD_RUNPATH_SEARCH_PATHS = (
					"$(inherited)",
					"@executable_path/Frameworks",
					"@loader_path/Frameworks",
				);
				PRODUCT_BUNDLE_IDENTIFIER = com.cts.JingGaoKuangUITests;
				PRODUCT_NAME = "$(TARGET_NAME)";
				TARGETED_DEVICE_FAMILY = "1,2";
				TEST_TARGET_NAME = JingGaoKuang;
			};
			name = Release;
		};
/* End XCBuildConfiguration section */

/* Begin XCConfigurationList section */
		616BC32D231CC23800A6407F /* Build configuration list for PBXProject "JingGaoKuang" */ = {
			isa = XCConfigurationList;
			buildConfigurations = (
				616BC35C231CC23A00A6407F /* Debug */,
				616BC35D231CC23A00A6407F /* Release */,
			);
			defaultConfigurationIsVisible = 0;
			defaultConfigurationName = Release;
		};
		616BC35E231CC23A00A6407F /* Build configuration list for PBXNativeTarget "JingGaoKuang" */ = {
			isa = XCConfigurationList;
			buildConfigurations = (
				616BC35F231CC23A00A6407F /* Debug */,
				616BC360231CC23A00A6407F /* Release */,
			);
			defaultConfigurationIsVisible = 0;
			defaultConfigurationName = Release;
		};
		616BC361231CC23A00A6407F /* Build configuration list for PBXNativeTarget "JingGaoKuangTests" */ = {
			isa = XCConfigurationList;
			buildConfigurations = (
				616BC362231CC23A00A6407F /* Debug */,
				616BC363231CC23A00A6407F /* Release */,
			);
			defaultConfigurationIsVisible = 0;
			defaultConfigurationName = Release;
		};
		616BC364231CC23A00A6407F /* Build configuration list for PBXNativeTarget "JingGaoKuangUITests" */ = {
			isa = XCConfigurationList;
			buildConfigurations = (
				616BC365231CC23A00A6407F /* Debug */,
				616BC366231CC23A00A6407F /* Release */,
			);
			defaultConfigurationIsVisible = 0;
			defaultConfigurationName = Release;
		};
/* End XCConfigurationList section */
	};
	rootObject = 616BC32A231CC23800A6407F /* Project object */;
}
